
Microsoft Visual Studio Solution File, Format Version 12.00
# Visual Studio Version 17
VisualStudioVersion = 17.9.34728.123
MinimumVisualStudioVersion = 10.0.40219.1
Project("{FAE04EC0-301F-11D3-BF4B-00C04F79EFBC}") = "BeckEnd", "BeckEnd\BeckEnd.csproj", "{107D8B2D-EAA3-4B95-ADBF-B230FD7D79C8}"
EndProject
Global
	GlobalSection(SolutionConfigurationPlatforms) = preSolution
		Debug|Any CPU = Debug|Any CPU
		Release|Any CPU = Release|Any CPU
	EndGlobalSection
	GlobalSection(ProjectConfigurationPlatforms) = postSolution
		{107D8B2D-EAA3-4B95-ADBF-B230FD7D79C8}.Debug|Any CPU.ActiveCfg = Debug|Any CPU
		{107D8B2D-EAA3-4B95-ADBF-B230FD7D79C8}.Debug|Any CPU.Build.0 = Debug|Any CPU
		{107D8B2D-EAA3-4B95-ADBF-B230FD7D79C8}.Release|Any CPU.ActiveCfg = Release|Any CPU
		{107D8B2D-EAA3-4B95-ADBF-B230FD7D79C8}.Release|Any CPU.Build.0 = Release|Any CPU
	EndGlobalSection
	GlobalSection(SolutionProperties) = preSolution
		HideSolutionNode = FALSE
	EndGlobalSection
	GlobalSection(ExtensibilityGlobals) = postSolution
		SolutionGuid = {344D7BF9-7A77-44B9-AD7F-DB9C51D8F0DC}
	EndGlobalSection
EndGlobal
